// !$*UTF8*$!
{
	archiveVersion = 1;
	classes = {
	};
	objectVersion = 56;
	objects = {

/* Begin PBXBuildFile section */
		93C5E03B29A3E46700954C32 /* ServisIstekApp.swift in Sources */ = {isa = PBXBuildFile; fileRef = 93C5E03A29A3E46700954C32 /* ServisIstekApp.swift */; };
		93C5E03D29A3E46700954C32 /* ContentView.swift in Sources */ = {isa = PBXBuildFile; fileRef = 93C5E03C29A3E46700954C32 /* ContentView.swift */; };
		93C5E03F29A3E46900954C32 /* Assets.xcassets in Resources */ = {isa = PBXBuildFile; fileRef = 93C5E03E29A3E46900954C32 /* Assets.xcassets */; };
		93C5E04229A3E46900954C32 /* Preview Assets.xcassets in Resources */ = {isa = PBXBuildFile; fileRef = 93C5E04129A3E46900954C32 /* Preview Assets.xcassets */; };
		93C5E04F29A4D32F00954C32 /* RandomFoxView.swift in Sources */ = {isa = PBXBuildFile; fileRef = 93C5E04E29A4D32F00954C32 /* RandomFoxView.swift */; };
		93C5E05229A4D66900954C32 /* Kingfisher in Frameworks */ = {isa = PBXBuildFile; productRef = 93C5E05129A4D66900954C32 /* Kingfisher */; };
/* End PBXBuildFile section */

/* Begin PBXFileReference section */
		93C5E03729A3E46700954C32 /* ServisIstek.app */ = {isa = PBXFileReference; explicitFileType = wrapper.application; includeInIndex = 0; path = ServisIstek.app; sourceTree = BUILT_PRODUCTS_DIR; };
		93C5E03A29A3E46700954C32 /* ServisIstekApp.swift */ = {isa = PBXFileReference; lastKnownFileType = sourcecode.swift; path = ServisIstekApp.swift; sourceTree = "<group>"; };
		93C5E03C29A3E46700954C32 /* ContentView.swift */ = {isa = PBXFileReference; lastKnownFileType = sourcecode.swift; path = ContentView.swift; sourceTree = "<group>"; };
		93C5E03E29A3E46900954C32 /* Assets.xcassets */ = {isa = PBXFileReference; lastKnownFileType = folder.assetcatalog; path = Assets.xcassets; sourceTree = "<group>"; };
		93C5E04129A3E46900954C32 /* Preview Assets.xcassets */ = {isa = PBXFileReference; lastKnownFileType = folder.assetcatalog; path = "Preview Assets.xcassets"; sourceTree = "<group>"; };
		93C5E04E29A4D32F00954C32 /* RandomFoxView.swift */ = {isa = PBXFileReference; lastKnownFileType = sourcecode.swift; path = RandomFoxView.swift; sourceTree = "<group>"; };
/* End PBXFileReference section */

/* Begin PBXFrameworksBuildPhase section */
		93C5E03429A3E46700954C32 /* Frameworks */ = {
			isa = PBXFrameworksBuildPhase;
			buildActionMask = 2147483647;
			files = (
				93C5E05229A4D66900954C32 /* Kingfisher in Frameworks */,
			);
			runOnlyForDeploymentPostprocessing = 0;
		};
/* End PBXFrameworksBuildPhase section */

/* Begin PBXGroup section */
		93C5E02E29A3E46700954C32 = {
			isa = PBXGroup;
			children = (
				93C5E03929A3E46700954C32 /* ServisIstek */,
				93C5E03829A3E46700954C32 /* Products */,
			);
			sourceTree = "<group>";
		};
		93C5E03829A3E46700954C32 /* Products */ = {
			isa = PBXGroup;
			children = (
				93C5E03729A3E46700954C32 /* ServisIstek.app */,
			);
			name = Products;
			sourceTree = "<group>";
		};
		93C5E03929A3E46700954C32 /* ServisIstek */ = {
			isa = PBXGroup;
			children = (
				93C5E04829A4D25900954C32 /* Features */,
				93C5E03A29A3E46700954C32 /* ServisIstekApp.swift */,
				93C5E03C29A3E46700954C32 /* ContentView.swift */,
				93C5E03E29A3E46900954C32 /* Assets.xcassets */,
				93C5E04029A3E46900954C32 /* Preview Content */,
			);
			path = ServisIstek;
			sourceTree = "<group>";
		};
		93C5E04029A3E46900954C32 /* Preview Content */ = {
			isa = PBXGroup;
			children = (
				93C5E04129A3E46900954C32 /* Preview Assets.xcassets */,
			);
			path = "Preview Content";
			sourceTree = "<group>";
		};
		93C5E04829A4D25900954C32 /* Features */ = {
			isa = PBXGroup;
			children = (
				93C5E04929A4D26700954C32 /* FoxViewModel */,
			);
			path = Features;
			sourceTree = "<group>";
		};
		93C5E04929A4D26700954C32 /* FoxViewModel */ = {
			isa = PBXGroup;
			children = (
				93C5E04D29A4D2BC00954C32 /* Model */,
				93C5E04C29A4D2B000954C32 /* Service */,
				93C5E04B29A4D28100954C32 /* ViewModel */,
				93C5E04A29A4D27800954C32 /* View */,
			);
			path = FoxViewModel;
			sourceTree = "<group>";
		};
		93C5E04A29A4D27800954C32 /* View */ = {
			isa = PBXGroup;
			children = (
				93C5E04E29A4D32F00954C32 /* RandomFoxView.swift */,
			);
			path = View;
			sourceTree = "<group>";
		};
		93C5E04B29A4D28100954C32 /* ViewModel */ = {
			isa = PBXGroup;
			children = (
			);
			path = ViewModel;
			sourceTree = "<group>";
		};
		93C5E04C29A4D2B000954C32 /* Service */ = {
			isa = PBXGroup;
			children = (
			);
			path = Service;
			sourceTree = "<group>";
		};
		93C5E04D29A4D2BC00954C32 /* Model */ = {
			isa = PBXGroup;
			children = (
			);
			path = Model;
			sourceTree = "<group>";
		};
/* End PBXGroup section */

/* Begin PBXNativeTarget section */
		93C5E03629A3E46700954C32 /* ServisIstek */ = {
			isa = PBXNativeTarget;
			buildConfigurationList = 93C5E04529A3E46900954C32 /* Build configuration list for PBXNativeTarget "ServisIstek" */;
			buildPhases = (
				93C5E03329A3E46700954C32 /* Sources */,
				93C5E03429A3E46700954C32 /* Frameworks */,
				93C5E03529A3E46700954C32 /* Resources */,
			);
			buildRules = (
			);
			dependencies = (
			);
			name = ServisIstek;
			packageProductDependencies = (
				93C5E05129A4D66900954C32 /* Kingfisher */,
			);
			productName = ServisIstek;
			productReference = 93C5E03729A3E46700954C32 /* ServisIstek.app */;
			productType = "com.apple.product-type.application";
		};
/* End PBXNativeTarget section */

/* Begin PBXProject section */
		93C5E02F29A3E46700954C32 /* Project object */ = {
			isa = PBXProject;
			attributes = {
				BuildIndependentTargetsInParallel = 1;
				LastSwiftUpdateCheck = 1420;
				LastUpgradeCheck = 1420;
				TargetAttributes = {
					93C5E03629A3E46700954C32 = {
						CreatedOnToolsVersion = 14.2;
					};
				};
			};
			buildConfigurationList = 93C5E03229A3E46700954C32 /* Build configuration list for PBXProject "ServisIstek" */;
			compatibilityVersion = "Xcode 14.0";
			developmentRegion = en;
			hasScannedForEncodings = 0;
			knownRegions = (
				en,
				Base,
			);
			mainGroup = 93C5E02E29A3E46700954C32;
			packageReferences = (
				93C5E05029A4D66900954C32 /* XCRemoteSwiftPackageReference "Kingfisher" */,
			);
			productRefGroup = 93C5E03829A3E46700954C32 /* Products */;
			projectDirPath = "";
			projectRoot = "";
			targets = (
				93C5E03629A3E46700954C32 /* ServisIstek */,
			);
		};
/* End PBXProject section */

/* Begin PBXResourcesBuildPhase section */
		93C5E03529A3E46700954C32 /* Resources */ = {
			isa = PBXResourcesBuildPhase;
			buildActionMask = 2147483647;
			files = (
				93C5E04229A3E46900954C32 /* Preview Assets.xcassets in Resources */,
				93C5E03F29A3E46900954C32 /* Assets.xcassets in Resources */,
			);
			runOnlyForDeploymentPostprocessing = 0;
		};
/* End PBXResourcesBuildPhase section */

/* Begin PBXSourcesBuildPhase section */
		93C5E03329A3E46700954C32 /* Sources */ = {
			isa = PBXSourcesBuildPhase;
			buildActionMask = 2147483647;
			files = (
				93C5E03D29A3E46700954C32 /* ContentView.swift in Sources */,
				93C5E04F29A4D32F00954C32 /* RandomFoxView.swift in Sources */,
				93C5E03B29A3E46700954C32 /* ServisIstekApp.swift in Sources */,
			);
			runOnlyForDeploymentPostprocessing = 0;
		};
/* End PBXSourcesBuildPhase section */

/* Begin XCBuildConfiguration section */
		93C5E04329A3E46900954C32 /* Debug */ = {
			isa = XCBuildConfiguration;
			buildSettings = {
				ALWAYS_SEARCH_USER_PATHS = NO;
				CLANG_ANALYZER_NONNULL = YES;
				CLANG_ANALYZER_NUMBER_OBJECT_CONVERSION = YES_AGGRESSIVE;
				CLANG_CXX_LANGUAGE_STANDARD = "gnu++20";
				CLANG_ENABLE_MODULES = YES;
				CLANG_ENABLE_OBJC_ARC = YES;
				CLANG_ENABLE_OBJC_WEAK = YES;
				CLANG_WARN_BLOCK_CAPTURE_AUTORELEASING = YES;
				CLANG_WARN_BOOL_CONVERSION = YES;
				CLANG_WARN_COMMA = YES;
				CLANG_WARN_CONSTANT_CONVERSION = YES;
				CLANG_WARN_DEPRECATED_OBJC_IMPLEMENTATIONS = YES;
				CLANG_WARN_DIRECT_OBJC_ISA_USAGE = YES_ERROR;
				CLANG_WARN_DOCUMENTATION_COMMENTS = YES;
				CLANG_WARN_EMPTY_BODY = YES;
				CLANG_WARN_ENUM_CONVERSION = YES;
				CLANG_WARN_INFINITE_RECURSION = YES;
				CLANG_WARN_INT_CONVERSION = YES;
				CLANG_WARN_NON_LITERAL_NULL_CONVERSION = YES;
				CLANG_WARN_OBJC_IMPLICIT_RETAIN_SELF = YES;
				CLANG_WARN_OBJC_LITERAL_CONVERSION = YES;
				CLANG_WARN_OBJC_ROOT_CLASS = YES_ERROR;
				CLANG_WARN_QUOTED_INCLUDE_IN_FRAMEWORK_HEADER = YES;
				CLANG_WARN_RANGE_LOOP_ANALYSIS = YES;
				CLANG_WARN_STRICT_PROTOTYPES = YES;
				CLANG_WARN_SUSPICIOUS_MOVE = YES;
				CLANG_WARN_UNGUARDED_AVAILABILITY = YES_AGGRESSIVE;
				CLANG_WARN_UNREACHABLE_CODE = YES;
				CLANG_WARN__DUPLICATE_METHOD_MATCH = YES;
				COPY_PHASE_STRIP = NO;
				DEBUG_INFORMATION_FORMAT = dwarf;
				ENABLE_STRICT_OBJC_MSGSEND = YES;
				ENABLE_TESTABILITY = YES;
				GCC_C_LANGUAGE_STANDARD = gnu11;
				GCC_DYNAMIC_NO_PIC = NO;
				GCC_NO_COMMON_BLOCKS = YES;
				GCC_OPTIMIZATION_LEVEL = 0;
				GCC_PREPROCESSOR_DEFINITIONS = (
					"DEBUG=1",
					"$(inherited)",
				);
				GCC_WARN_64_TO_32_BIT_CONVERSION = YES;
				GCC_WARN_ABOUT_RETURN_TYPE = YES_ERROR;
				GCC_WARN_UNDECLARED_SELECTOR = YES;
				GCC_WARN_UNINITIALIZED_AUTOS = YES_AGGRESSIVE;
				GCC_WARN_UNUSED_FUNCTION = YES;
				GCC_WARN_UNUSED_VARIABLE = YES;
				IPHONEOS_DEPLOYMENT_TARGET = 16.2;
				MTL_ENABLE_DEBUG_INFO = INCLUDE_SOURCE;
				MTL_FAST_MATH = YES;
				ONLY_ACTIVE_ARCH = YES;
				SDKROOT = iphoneos;
				SWIFT_ACTIVE_COMPILATION_CONDITIONS = DEBUG;
				SWIFT_OPTIMIZATION_LEVEL = "-Onone";
			};
			name = Debug;
		};
		93C5E04429A3E46900954C32 /* Release */ = {
			isa = XCBuildConfiguration;
			buildSettings = {
				ALWAYS_SEARCH_USER_PATHS = NO;
				CLANG_ANALYZER_NONNULL = YES;
				CLANG_ANALYZER_NUMBER_OBJECT_CONVERSION = YES_AGGRESSIVE;
				CLANG_CXX_LANGUAGE_STANDARD = "gnu++20";
				CLANG_ENABLE_MODULES = YES;
				CLANG_ENABLE_OBJC_ARC = YES;
				CLANG_ENABLE_OBJC_WEAK = YES;
				CLANG_WARN_BLOCK_CAPTURE_AUTORELEASING = YES;
				CLANG_WARN_BOOL_CONVERSION = YES;
				CLANG_WARN_COMMA = YES;
				CLANG_WARN_CONSTANT_CONVERSION = YES;
				CLANG_WARN_DEPRECATED_OBJC_IMPLEMENTATIONS = YES;
				CLANG_WARN_DIRECT_OBJC_ISA_USAGE = YES_ERROR;
				CLANG_WARN_DOCUMENTATION_COMMENTS = YES;
				CLANG_WARN_EMPTY_BODY = YES;
				CLANG_WARN_ENUM_CONVERSION = YES;
				CLANG_WARN_INFINITE_RECURSION = YES;
				CLANG_WARN_INT_CONVERSION = YES;
				CLANG_WARN_NON_LITERAL_NULL_CONVERSION = YES;
				CLANG_WARN_OBJC_IMPLICIT_RETAIN_SELF = YES;
				CLANG_WARN_OBJC_LITERAL_CONVERSION = YES;
				CLANG_WARN_OBJC_ROOT_CLASS = YES_ERROR;
				CLANG_WARN_QUOTED_INCLUDE_IN_FRAMEWORK_HEADER = YES;
				CLANG_WARN_RANGE_LOOP_ANALYSIS = YES;
				CLANG_WARN_STRICT_PROTOTYPES = YES;
				CLANG_WARN_SUSPICIOUS_MOVE = YES;
				CLANG_WARN_UNGUARDED_AVAILABILITY = YES_AGGRESSIVE;
				CLANG_WARN_UNREACHABLE_CODE = YES;
				CLANG_WARN__DUPLICATE_METHOD_MATCH = YES;
				COPY_PHASE_STRIP = NO;
				DEBUG_INFORMATION_FORMAT = "dwarf-with-dsym";
				ENABLE_NS_ASSERTIONS = NO;
				ENABLE_STRICT_OBJC_MSGSEND = YES;
				GCC_C_LANGUAGE_STANDARD = gnu11;
				GCC_NO_COMMON_BLOCKS = YES;
				GCC_WARN_64_TO_32_BIT_CONVERSION = YES;
				GCC_WARN_ABOUT_RETURN_TYPE = YES_ERROR;
				GCC_WARN_UNDECLARED_SELECTOR = YES;
				GCC_WARN_UNINITIALIZED_AUTOS = YES_AGGRESSIVE;
				GCC_WARN_UNUSED_FUNCTION = YES;
				GCC_WARN_UNUSED_VARIABLE = YES;
				IPHONEOS_DEPLOYMENT_TARGET = 16.2;
				MTL_ENABLE_DEBUG_INFO = NO;
				MTL_FAST_MATH = YES;
				SDKROOT = iphoneos;
				SWIFT_COMPILATION_MODE = wholemodule;
				SWIFT_OPTIMIZATION_LEVEL = "-O";
				VALIDATE_PRODUCT = YES;
			};
			name = Release;
		};
		93C5E04629A3E46900954C32 /* Debug */ = {
			isa = XCBuildConfiguration;
			buildSettings = {
				ASSETCATALOG_COMPILER_APPICON_NAME = AppIcon;
				ASSETCATALOG_COMPILER_GLOBAL_ACCENT_COLOR_NAME = AccentColor;
				CODE_SIGN_STYLE = Automatic;
				CURRENT_PROJECT_VERSION = 1;
				DEVELOPMENT_ASSET_PATHS = "\"ServisIstek/Preview Content\"";
				DEVELOPMENT_TEAM = C2FT2K8MFK;
				ENABLE_PREVIEWS = YES;
				GENERATE_INFOPLIST_FILE = YES;
				INFOPLIST_KEY_UIApplicationSceneManifest_Generation = YES;
				INFOPLIST_KEY_UIApplicationSupportsIndirectInputEvents = YES;
				INFOPLIST_KEY_UILaunchScreen_Generation = YES;
				INFOPLIST_KEY_UISupportedInterfaceOrientations_iPad = "UIInterfaceOrientationPortrait UIInterfaceOrientationPortraitUpsideDown UIInterfaceOrientationLandscapeLeft UIInterfaceOrientationLandscapeRight";
				INFOPLIST_KEY_UISupportedInterfaceOrientations_iPhone = "UIInterfaceOrientationPortrait UIInterfaceOrientationLandscapeLeft UIInterfaceOrientationLandscapeRight";
				LD_RUNPATH_SEARCH_PATHS = (
					"$(inherited)",
					"@executable_path/Frameworks",
				);
				MARKETING_VERSION = 1.0;
				PRODUCT_BUNDLE_IDENTIFIER = EgeAydemir.ServisIstek;
				PRODUCT_NAME = "$(TARGET_NAME)";
				SWIFT_EMIT_LOC_STRINGS = YES;
				SWIFT_VERSION = 5.0;
				TARGETED_DEVICE_FAMILY = "1,2";
			};
			name = Debug;
		};
		93C5E04729A3E46900954C32 /* Release */ = {
			isa = XCBuildConfiguration;
			buildSettings = {
				ASSETCATALOG_COMPILER_APPICON_NAME = AppIcon;
				ASSETCATALOG_COMPILER_GLOBAL_ACCENT_COLOR_NAME = AccentColor;
				CODE_SIGN_STYLE = Automatic;
				CURRENT_PROJECT_VERSION = 1;
				DEVELOPMENT_ASSET_PATHS = "\"ServisIstek/Preview Content\"";
				DEVELOPMENT_TEAM = C2FT2K8MFK;
				ENABLE_PREVIEWS = YES;
				GENERATE_INFOPLIST_FILE = YES;
				INFOPLIST_KEY_UIApplicationSceneManifest_Generation = YES;
				INFOPLIST_KEY_UIApplicationSupportsIndirectInputEvents = YES;
				INFOPLIST_KEY_UILaunchScreen_Generation = YES;
				INFOPLIST_KEY_UISupportedInterfaceOrientations_iPad = "UIInterfaceOrientationPortrait UIInterfaceOrientationPortraitUpsideDown UIInterfaceOrientationLandscapeLeft UIInterfaceOrientationLandscapeRight";
				INFOPLIST_KEY_UISupportedInterfaceOrientations_iPhone = "UIInterfaceOrientationPortrait UIInterfaceOrientationLandscapeLeft UIInterfaceOrientationLandscapeRight";
				LD_RUNPATH_SEARCH_PATHS = (
					"$(inherited)",
					"@executable_path/Frameworks",
				);
				MARKETING_VERSION = 1.0;
				PRODUCT_BUNDLE_IDENTIFIER = EgeAydemir.ServisIstek;
				PRODUCT_NAME = "$(TARGET_NAME)";
				SWIFT_EMIT_LOC_STRINGS = YES;
				SWIFT_VERSION = 5.0;
				TARGETED_DEVICE_FAMILY = "1,2";
			};
			name = Release;
		};
/* End XCBuildConfiguration section */

/* Begin XCConfigurationList section */
		93C5E03229A3E46700954C32 /* Build configuration list for PBXProject "ServisIstek" */ = {
			isa = XCConfigurationList;
			buildConfigurations = (
				93C5E04329A3E46900954C32 /* Debug */,
				93C5E04429A3E46900954C32 /* Release */,
			);
			defaultConfigurationIsVisible = 0;
			defaultConfigurationName = Release;
		};
		93C5E04529A3E46900954C32 /* Build configuration list for PBXNativeTarget "ServisIstek" */ = {
			isa = XCConfigurationList;
			buildConfigurations = (
				93C5E04629A3E46900954C32 /* Debug */,
				93C5E04729A3E46900954C32 /* Release */,
			);
			defaultConfigurationIsVisible = 0;
			defaultConfigurationName = Release;
		};
/* End XCConfigurationList section */

/* Begin XCRemoteSwiftPackageReference section */
		93C5E05029A4D66900954C32 /* XCRemoteSwiftPackageReference "Kingfisher" */ = {
			isa = XCRemoteSwiftPackageReference;
			repositoryURL = "https://github.com/onevcat/Kingfisher.git";
			requirement = {
				kind = upToNextMajorVersion;
				minimumVersion = 7.0.0;
			};
		};
/* End XCRemoteSwiftPackageReference section */

/* Begin XCSwiftPackageProductDependency section */
		93C5E05129A4D66900954C32 /* Kingfisher */ = {
			isa = XCSwiftPackageProductDependency;
			package = 93C5E05029A4D66900954C32 /* XCRemoteSwiftPackageReference "Kingfisher" */;
			productName = Kingfisher;
		};
/* End XCSwiftPackageProductDependency section */
	};
	rootObject = 93C5E02F29A3E46700954C32 /* Project object */;
}
